// !$*UTF8*$!
{
	archiveVersion = 1;
	classes = {
	};
	objectVersion = 46;
	objects = {

/* Begin PBXBuildFile section */
		E362CE1BB44647348FF7D152 /* libPods.a in Frameworks */ = {isa = PBXBuildFile; fileRef = 7B616B934567416C996DB201 /* libPods.a */; };
		E5019CDD18FE693400BE79DC /* themoviedb in Resources */ = {isa = PBXBuildFile; fileRef = E5019CDC18FE693400BE79DC /* themoviedb */; };
		E539DCF5190080F20027661C /* Placeholder.png in Resources */ = {isa = PBXBuildFile; fileRef = E539DCF3190080F20027661C /* Placeholder.png */; };
		E539DCF6190080F20027661C /* Placeholder@2x.png in Resources */ = {isa = PBXBuildFile; fileRef = E539DCF4190080F20027661C /* Placeholder@2x.png */; };
		E54C0892190023A10084E687 /* CALayer+circleLayer.m in Sources */ = {isa = PBXBuildFile; fileRef = E54C0891190023A10084E687 /* CALayer+circleLayer.m */; };
		E55FF55E18FF521700E2EA43 /* TMWCustomCellTableViewCell.m in Sources */ = {isa = PBXBuildFile; fileRef = E55FF55D18FF521700E2EA43 /* TMWCustomCellTableViewCell.m */; };
		E55FF56018FF9DEE00E2EA43 /* QuartzCore.framework in Frameworks */ = {isa = PBXBuildFile; fileRef = E55FF55F18FF9DEE00E2EA43 /* QuartzCore.framework */; };
		E566699B19001625006CD7F0 /* TMWCustomAnimations.m in Sources */ = {isa = PBXBuildFile; fileRef = E566699A19001625006CD7F0 /* TMWCustomAnimations.m */; };
		E566699E19002110006CD7F0 /* UIColor+customColors.m in Sources */ = {isa = PBXBuildFile; fileRef = E566699D19002110006CD7F0 /* UIColor+customColors.m */; };
		E5994CF218FDE85100A5B79F /* Foundation.framework in Frameworks */ = {isa = PBXBuildFile; fileRef = E5994CF118FDE85100A5B79F /* Foundation.framework */; };
		E5994CF418FDE85100A5B79F /* CoreGraphics.framework in Frameworks */ = {isa = PBXBuildFile; fileRef = E5994CF318FDE85100A5B79F /* CoreGraphics.framework */; };
		E5994CF618FDE85100A5B79F /* UIKit.framework in Frameworks */ = {isa = PBXBuildFile; fileRef = E5994CF518FDE85100A5B79F /* UIKit.framework */; };
		E5994CFC18FDE85100A5B79F /* InfoPlist.strings in Resources */ = {isa = PBXBuildFile; fileRef = E5994CFA18FDE85100A5B79F /* InfoPlist.strings */; };
		E5994CFE18FDE85100A5B79F /* main.m in Sources */ = {isa = PBXBuildFile; fileRef = E5994CFD18FDE85100A5B79F /* main.m */; };
		E5994D0218FDE85100A5B79F /* TMWAppDelegate.m in Sources */ = {isa = PBXBuildFile; fileRef = E5994D0118FDE85100A5B79F /* TMWAppDelegate.m */; };
		E5994D0418FDE85100A5B79F /* Images.xcassets in Resources */ = {isa = PBXBuildFile; fileRef = E5994D0318FDE85100A5B79F /* Images.xcassets */; };
		E5994D0B18FDE85100A5B79F /* XCTest.framework in Frameworks */ = {isa = PBXBuildFile; fileRef = E5994D0A18FDE85100A5B79F /* XCTest.framework */; };
		E5994D0C18FDE85100A5B79F /* Foundation.framework in Frameworks */ = {isa = PBXBuildFile; fileRef = E5994CF118FDE85100A5B79F /* Foundation.framework */; };
		E5994D0D18FDE85100A5B79F /* UIKit.framework in Frameworks */ = {isa = PBXBuildFile; fileRef = E5994CF518FDE85100A5B79F /* UIKit.framework */; };
		E5994D1518FDE85100A5B79F /* InfoPlist.strings in Resources */ = {isa = PBXBuildFile; fileRef = E5994D1318FDE85100A5B79F /* InfoPlist.strings */; };
		E5994D1718FDE85100A5B79F /* ThatMovieWithTests.m in Sources */ = {isa = PBXBuildFile; fileRef = E5994D1618FDE85100A5B79F /* ThatMovieWithTests.m */; };
		E5994D3018FDF21C00A5B79F /* TMWViewController.m in Sources */ = {isa = PBXBuildFile; fileRef = E5994D2E18FDF21C00A5B79F /* TMWViewController.m */; };
		E5994D3118FDF21C00A5B79F /* TMWViewController.xib in Resources */ = {isa = PBXBuildFile; fileRef = E5994D2F18FDF21C00A5B79F /* TMWViewController.xib */; };
		E5994D3618FE531600A5B79F /* TMWActors.m in Sources */ = {isa = PBXBuildFile; fileRef = E5994D3518FE531600A5B79F /* TMWActors.m */; };
/* End PBXBuildFile section */

/* Begin PBXContainerItemProxy section */
		E5994D0E18FDE85100A5B79F /* PBXContainerItemProxy */ = {
			isa = PBXContainerItemProxy;
			containerPortal = E5994CE618FDE85100A5B79F /* Project object */;
			proxyType = 1;
			remoteGlobalIDString = E5994CED18FDE85100A5B79F;
			remoteInfo = ThatMovieWith;
		};
/* End PBXContainerItemProxy section */

/* Begin PBXFileReference section */
		7B616B934567416C996DB201 /* libPods.a */ = {isa = PBXFileReference; explicitFileType = archive.ar; includeInIndex = 0; path = libPods.a; sourceTree = BUILT_PRODUCTS_DIR; };
		BB3A0F378FCD476DA5B74C48 /* Pods.xcconfig */ = {isa = PBXFileReference; includeInIndex = 1; lastKnownFileType = text.xcconfig; name = Pods.xcconfig; path = Pods/Pods.xcconfig; sourceTree = "<group>"; };
		E5019CDC18FE693400BE79DC /* themoviedb */ = {isa = PBXFileReference; lastKnownFileType = text; path = themoviedb; sourceTree = "<group>"; };
		E539DCF3190080F20027661C /* Placeholder.png */ = {isa = PBXFileReference; lastKnownFileType = image.png; path = Placeholder.png; sourceTree = "<group>"; };
		E539DCF4190080F20027661C /* Placeholder@2x.png */ = {isa = PBXFileReference; lastKnownFileType = image.png; path = "Placeholder@2x.png"; sourceTree = "<group>"; };
		E54C0890190023A10084E687 /* CALayer+circleLayer.h */ = {isa = PBXFileReference; fileEncoding = 4; lastKnownFileType = sourcecode.c.h; path = "CALayer+circleLayer.h"; sourceTree = "<group>"; };
		E54C0891190023A10084E687 /* CALayer+circleLayer.m */ = {isa = PBXFileReference; fileEncoding = 4; lastKnownFileType = sourcecode.c.objc; path = "CALayer+circleLayer.m"; sourceTree = "<group>"; };
		E55FF55C18FF521700E2EA43 /* TMWCustomCellTableViewCell.h */ = {isa = PBXFileReference; fileEncoding = 4; lastKnownFileType = sourcecode.c.h; path = TMWCustomCellTableViewCell.h; sourceTree = "<group>"; };
		E55FF55D18FF521700E2EA43 /* TMWCustomCellTableViewCell.m */ = {isa = PBXFileReference; fileEncoding = 4; lastKnownFileType = sourcecode.c.objc; path = TMWCustomCellTableViewCell.m; sourceTree = "<group>"; };
		E55FF55F18FF9DEE00E2EA43 /* QuartzCore.framework */ = {isa = PBXFileReference; lastKnownFileType = wrapper.framework; name = QuartzCore.framework; path = System/Library/Frameworks/QuartzCore.framework; sourceTree = SDKROOT; };
		E566699919001625006CD7F0 /* TMWCustomAnimations.h */ = {isa = PBXFileReference; fileEncoding = 4; lastKnownFileType = sourcecode.c.h; path = TMWCustomAnimations.h; sourceTree = "<group>"; };
		E566699A19001625006CD7F0 /* TMWCustomAnimations.m */ = {isa = PBXFileReference; fileEncoding = 4; lastKnownFileType = sourcecode.c.objc; path = TMWCustomAnimations.m; sourceTree = "<group>"; };
		E566699C19002110006CD7F0 /* UIColor+customColors.h */ = {isa = PBXFileReference; fileEncoding = 4; lastKnownFileType = sourcecode.c.h; path = "UIColor+customColors.h"; sourceTree = "<group>"; };
		E566699D19002110006CD7F0 /* UIColor+customColors.m */ = {isa = PBXFileReference; fileEncoding = 4; lastKnownFileType = sourcecode.c.objc; path = "UIColor+customColors.m"; sourceTree = "<group>"; };
		E5994CEE18FDE85100A5B79F /* ThatMovieWith.app */ = {isa = PBXFileReference; explicitFileType = wrapper.application; includeInIndex = 0; path = ThatMovieWith.app; sourceTree = BUILT_PRODUCTS_DIR; };
		E5994CF118FDE85100A5B79F /* Foundation.framework */ = {isa = PBXFileReference; lastKnownFileType = wrapper.framework; name = Foundation.framework; path = System/Library/Frameworks/Foundation.framework; sourceTree = SDKROOT; };
		E5994CF318FDE85100A5B79F /* CoreGraphics.framework */ = {isa = PBXFileReference; lastKnownFileType = wrapper.framework; name = CoreGraphics.framework; path = System/Library/Frameworks/CoreGraphics.framework; sourceTree = SDKROOT; };
		E5994CF518FDE85100A5B79F /* UIKit.framework */ = {isa = PBXFileReference; lastKnownFileType = wrapper.framework; name = UIKit.framework; path = System/Library/Frameworks/UIKit.framework; sourceTree = SDKROOT; };
		E5994CF918FDE85100A5B79F /* ThatMovieWith-Info.plist */ = {isa = PBXFileReference; lastKnownFileType = text.plist.xml; path = "ThatMovieWith-Info.plist"; sourceTree = "<group>"; };
		E5994CFB18FDE85100A5B79F /* en */ = {isa = PBXFileReference; lastKnownFileType = text.plist.strings; name = en; path = en.lproj/InfoPlist.strings; sourceTree = "<group>"; };
		E5994CFD18FDE85100A5B79F /* main.m */ = {isa = PBXFileReference; lastKnownFileType = sourcecode.c.objc; path = main.m; sourceTree = "<group>"; };
		E5994CFF18FDE85100A5B79F /* ThatMovieWith-Prefix.pch */ = {isa = PBXFileReference; lastKnownFileType = sourcecode.c.h; path = "ThatMovieWith-Prefix.pch"; sourceTree = "<group>"; };
		E5994D0018FDE85100A5B79F /* TMWAppDelegate.h */ = {isa = PBXFileReference; lastKnownFileType = sourcecode.c.h; path = TMWAppDelegate.h; sourceTree = "<group>"; };
		E5994D0118FDE85100A5B79F /* TMWAppDelegate.m */ = {isa = PBXFileReference; lastKnownFileType = sourcecode.c.objc; path = TMWAppDelegate.m; sourceTree = "<group>"; };
		E5994D0318FDE85100A5B79F /* Images.xcassets */ = {isa = PBXFileReference; lastKnownFileType = folder.assetcatalog; path = Images.xcassets; sourceTree = "<group>"; };
		E5994D0918FDE85100A5B79F /* ThatMovieWithTests.xctest */ = {isa = PBXFileReference; explicitFileType = wrapper.cfbundle; includeInIndex = 0; path = ThatMovieWithTests.xctest; sourceTree = BUILT_PRODUCTS_DIR; };
		E5994D0A18FDE85100A5B79F /* XCTest.framework */ = {isa = PBXFileReference; lastKnownFileType = wrapper.framework; name = XCTest.framework; path = Library/Frameworks/XCTest.framework; sourceTree = DEVELOPER_DIR; };
		E5994D1218FDE85100A5B79F /* ThatMovieWithTests-Info.plist */ = {isa = PBXFileReference; lastKnownFileType = text.plist.xml; path = "ThatMovieWithTests-Info.plist"; sourceTree = "<group>"; };
		E5994D1418FDE85100A5B79F /* en */ = {isa = PBXFileReference; lastKnownFileType = text.plist.strings; name = en; path = en.lproj/InfoPlist.strings; sourceTree = "<group>"; };
		E5994D1618FDE85100A5B79F /* ThatMovieWithTests.m */ = {isa = PBXFileReference; lastKnownFileType = sourcecode.c.objc; path = ThatMovieWithTests.m; sourceTree = "<group>"; };
		E5994D2D18FDF21C00A5B79F /* TMWViewController.h */ = {isa = PBXFileReference; fileEncoding = 4; lastKnownFileType = sourcecode.c.h; path = TMWViewController.h; sourceTree = "<group>"; };
		E5994D2E18FDF21C00A5B79F /* TMWViewController.m */ = {isa = PBXFileReference; fileEncoding = 4; lastKnownFileType = sourcecode.c.objc; path = TMWViewController.m; sourceTree = "<group>"; };
		E5994D2F18FDF21C00A5B79F /* TMWViewController.xib */ = {isa = PBXFileReference; fileEncoding = 4; lastKnownFileType = file.xib; path = TMWViewController.xib; sourceTree = "<group>"; };
		E5994D3418FE531600A5B79F /* TMWActors.h */ = {isa = PBXFileReference; fileEncoding = 4; lastKnownFileType = sourcecode.c.h; path = TMWActors.h; sourceTree = "<group>"; };
		E5994D3518FE531600A5B79F /* TMWActors.m */ = {isa = PBXFileReference; fileEncoding = 4; lastKnownFileType = sourcecode.c.objc; path = TMWActors.m; sourceTree = "<group>"; };
/* End PBXFileReference section */

/* Begin PBXFrameworksBuildPhase section */
		E5994CEB18FDE85100A5B79F /* Frameworks */ = {
			isa = PBXFrameworksBuildPhase;
			buildActionMask = 2147483647;
			files = (
				E55FF56018FF9DEE00E2EA43 /* QuartzCore.framework in Frameworks */,
				E5994CF418FDE85100A5B79F /* CoreGraphics.framework in Frameworks */,
				E5994CF618FDE85100A5B79F /* UIKit.framework in Frameworks */,
				E5994CF218FDE85100A5B79F /* Foundation.framework in Frameworks */,
				E362CE1BB44647348FF7D152 /* libPods.a in Frameworks */,
			);
			runOnlyForDeploymentPostprocessing = 0;
		};
		E5994D0618FDE85100A5B79F /* Frameworks */ = {
			isa = PBXFrameworksBuildPhase;
			buildActionMask = 2147483647;
			files = (
				E5994D0B18FDE85100A5B79F /* XCTest.framework in Frameworks */,
				E5994D0D18FDE85100A5B79F /* UIKit.framework in Frameworks */,
				E5994D0C18FDE85100A5B79F /* Foundation.framework in Frameworks */,
			);
			runOnlyForDeploymentPostprocessing = 0;
		};
/* End PBXFrameworksBuildPhase section */

/* Begin PBXGroup section */
		E5019CD218FE662800BE79DC /* api */ = {
			isa = PBXGroup;
			children = (
				E5019CDC18FE693400BE79DC /* themoviedb */,
			);
			path = api;
			sourceTree = "<group>";
		};
		E539DC67190080F20027661C /* images */ = {
			isa = PBXGroup;
			children = (
				E539DC68190080F20027661C /* images */,
				E539DCF3190080F20027661C /* Placeholder.png */,
				E539DCF4190080F20027661C /* Placeholder@2x.png */,
			);
			path = images;
			sourceTree = "<group>";
		};
		E539DC68190080F20027661C /* images */ = {
			isa = PBXGroup;
			children = (
				E539DC69190080F20027661C /* images */,
			);
			path = images;
			sourceTree = "<group>";
		};
		E539DC69190080F20027661C /* images */ = {
			isa = PBXGroup;
			children = (
				E539DC6A190080F20027661C /* images */,
			);
			path = images;
			sourceTree = "<group>";
		};
		E539DC6A190080F20027661C /* images */ = {
			isa = PBXGroup;
			children = (
				E539DC6B190080F20027661C /* images */,
			);
			path = images;
			sourceTree = "<group>";
		};
		E539DC6B190080F20027661C /* images */ = {
			isa = PBXGroup;
			children = (
				E539DC6C190080F20027661C /* images */,
			);
			path = images;
			sourceTree = "<group>";
		};
		E539DC6C190080F20027661C /* images */ = {
			isa = PBXGroup;
			children = (
				E539DC6D190080F20027661C /* images */,
			);
			path = images;
			sourceTree = "<group>";
		};
		E539DC6D190080F20027661C /* images */ = {
			isa = PBXGroup;
			children = (
				E539DC6E190080F20027661C /* images */,
			);
			path = images;
			sourceTree = "<group>";
		};
		E539DC6E190080F20027661C /* images */ = {
			isa = PBXGroup;
			children = (
				E539DC6F190080F20027661C /* images */,
			);
			path = images;
			sourceTree = "<group>";
		};
		E539DC6F190080F20027661C /* images */ = {
			isa = PBXGroup;
			children = (
				E539DC70190080F20027661C /* images */,
			);
			path = images;
			sourceTree = "<group>";
		};
		E539DC70190080F20027661C /* images */ = {
			isa = PBXGroup;
			children = (
				E539DC71190080F20027661C /* images */,
			);
			path = images;
			sourceTree = "<group>";
		};
		E539DC71190080F20027661C /* images */ = {
			isa = PBXGroup;
			children = (
				E539DC72190080F20027661C /* images */,
			);
			path = images;
			sourceTree = "<group>";
		};
		E539DC72190080F20027661C /* images */ = {
			isa = PBXGroup;
			children = (
				E539DC73190080F20027661C /* images */,
			);
			path = images;
			sourceTree = "<group>";
		};
		E539DC73190080F20027661C /* images */ = {
			isa = PBXGroup;
			children = (
				E539DC74190080F20027661C /* images */,
			);
			path = images;
			sourceTree = "<group>";
		};
		E539DC74190080F20027661C /* images */ = {
			isa = PBXGroup;
			children = (
				E539DC75190080F20027661C /* images */,
			);
			path = images;
			sourceTree = "<group>";
		};
		E539DC75190080F20027661C /* images */ = {
			isa = PBXGroup;
			children = (
				E539DC76190080F20027661C /* images */,
			);
			path = images;
			sourceTree = "<group>";
		};
		E539DC76190080F20027661C /* images */ = {
			isa = PBXGroup;
			children = (
				E539DC77190080F20027661C /* images */,
			);
			path = images;
			sourceTree = "<group>";
		};
		E539DC77190080F20027661C /* images */ = {
			isa = PBXGroup;
			children = (
				E539DC78190080F20027661C /* images */,
			);
			path = images;
			sourceTree = "<group>";
		};
		E539DC78190080F20027661C /* images */ = {
			isa = PBXGroup;
			children = (
				E539DC79190080F20027661C /* images */,
			);
			path = images;
			sourceTree = "<group>";
		};
		E539DC79190080F20027661C /* images */ = {
			isa = PBXGroup;
			children = (
				E539DC7A190080F20027661C /* images */,
			);
			path = images;
			sourceTree = "<group>";
		};
		E539DC7A190080F20027661C /* images */ = {
			isa = PBXGroup;
			children = (
				E539DC7B190080F20027661C /* images */,
			);
			path = images;
			sourceTree = "<group>";
		};
		E539DC7B190080F20027661C /* images */ = {
			isa = PBXGroup;
			children = (
				E539DC7C190080F20027661C /* images */,
			);
			path = images;
			sourceTree = "<group>";
		};
		E539DC7C190080F20027661C /* images */ = {
			isa = PBXGroup;
			children = (
				E539DC7D190080F20027661C /* images */,
			);
			path = images;
			sourceTree = "<group>";
		};
		E539DC7D190080F20027661C /* images */ = {
			isa = PBXGroup;
			children = (
				E539DC7E190080F20027661C /* images */,
			);
			path = images;
			sourceTree = "<group>";
		};
		E539DC7E190080F20027661C /* images */ = {
			isa = PBXGroup;
			children = (
				E539DC7F190080F20027661C /* images */,
			);
			path = images;
			sourceTree = "<group>";
		};
		E539DC7F190080F20027661C /* images */ = {
			isa = PBXGroup;
			children = (
				E539DC80190080F20027661C /* images */,
			);
			path = images;
			sourceTree = "<group>";
		};
		E539DC80190080F20027661C /* images */ = {
			isa = PBXGroup;
			children = (
				E539DC81190080F20027661C /* images */,
			);
			path = images;
			sourceTree = "<group>";
		};
		E539DC81190080F20027661C /* images */ = {
			isa = PBXGroup;
			children = (
				E539DC82190080F20027661C /* images */,
			);
			path = images;
			sourceTree = "<group>";
		};
		E539DC82190080F20027661C /* images */ = {
			isa = PBXGroup;
			children = (
				E539DC83190080F20027661C /* images */,
			);
			path = images;
			sourceTree = "<group>";
		};
		E539DC83190080F20027661C /* images */ = {
			isa = PBXGroup;
			children = (
				E539DC84190080F20027661C /* images */,
			);
			path = images;
			sourceTree = "<group>";
		};
		E539DC84190080F20027661C /* images */ = {
			isa = PBXGroup;
			children = (
				E539DC85190080F20027661C /* images */,
			);
			path = images;
			sourceTree = "<group>";
		};
		E539DC85190080F20027661C /* images */ = {
			isa = PBXGroup;
			children = (
				E539DC86190080F20027661C /* images */,
			);
			path = images;
			sourceTree = "<group>";
		};
		E539DC86190080F20027661C /* images */ = {
			isa = PBXGroup;
			children = (
				E539DC87190080F20027661C /* images */,
			);
			path = images;
			sourceTree = "<group>";
		};
		E539DC87190080F20027661C /* images */ = {
			isa = PBXGroup;
			children = (
				E539DC88190080F20027661C /* images */,
			);
			path = images;
			sourceTree = "<group>";
		};
		E539DC88190080F20027661C /* images */ = {
			isa = PBXGroup;
			children = (
				E539DC89190080F20027661C /* images */,
			);
			path = images;
			sourceTree = "<group>";
		};
		E539DC89190080F20027661C /* images */ = {
			isa = PBXGroup;
			children = (
				E539DC8A190080F20027661C /* images */,
			);
			path = images;
			sourceTree = "<group>";
		};
		E539DC8A190080F20027661C /* images */ = {
			isa = PBXGroup;
			children = (
				E539DC8B190080F20027661C /* images */,
			);
			path = images;
			sourceTree = "<group>";
		};
		E539DC8B190080F20027661C /* images */ = {
			isa = PBXGroup;
			children = (
				E539DC8C190080F20027661C /* images */,
			);
			path = images;
			sourceTree = "<group>";
		};
		E539DC8C190080F20027661C /* images */ = {
			isa = PBXGroup;
			children = (
				E539DC8D190080F20027661C /* images */,
			);
			path = images;
			sourceTree = "<group>";
		};
		E539DC8D190080F20027661C /* images */ = {
			isa = PBXGroup;
			children = (
				E539DC8E190080F20027661C /* images */,
			);
			path = images;
			sourceTree = "<group>";
		};
		E539DC8E190080F20027661C /* images */ = {
			isa = PBXGroup;
			children = (
				E539DC8F190080F20027661C /* images */,
			);
			path = images;
			sourceTree = "<group>";
		};
		E539DC8F190080F20027661C /* images */ = {
			isa = PBXGroup;
			children = (
				E539DC90190080F20027661C /* images */,
			);
			path = images;
			sourceTree = "<group>";
		};
		E539DC90190080F20027661C /* images */ = {
			isa = PBXGroup;
			children = (
				E539DC91190080F20027661C /* images */,
			);
			path = images;
			sourceTree = "<group>";
		};
		E539DC91190080F20027661C /* images */ = {
			isa = PBXGroup;
			children = (
				E539DC92190080F20027661C /* images */,
			);
			path = images;
			sourceTree = "<group>";
		};
		E539DC92190080F20027661C /* images */ = {
			isa = PBXGroup;
			children = (
				E539DC93190080F20027661C /* images */,
			);
			path = images;
			sourceTree = "<group>";
		};
		E539DC93190080F20027661C /* images */ = {
			isa = PBXGroup;
			children = (
				E539DC94190080F20027661C /* images */,
			);
			path = images;
			sourceTree = "<group>";
		};
		E539DC94190080F20027661C /* images */ = {
			isa = PBXGroup;
			children = (
				E539DC95190080F20027661C /* images */,
			);
			path = images;
			sourceTree = "<group>";
		};
		E539DC95190080F20027661C /* images */ = {
			isa = PBXGroup;
			children = (
				E539DC96190080F20027661C /* images */,
			);
			path = images;
			sourceTree = "<group>";
		};
		E539DC96190080F20027661C /* images */ = {
			isa = PBXGroup;
			children = (
				E539DC97190080F20027661C /* images */,
			);
			path = images;
			sourceTree = "<group>";
		};
		E539DC97190080F20027661C /* images */ = {
			isa = PBXGroup;
			children = (
				E539DC98190080F20027661C /* images */,
			);
			path = images;
			sourceTree = "<group>";
		};
		E539DC98190080F20027661C /* images */ = {
			isa = PBXGroup;
			children = (
				E539DC99190080F20027661C /* images */,
			);
			path = images;
			sourceTree = "<group>";
		};
		E539DC99190080F20027661C /* images */ = {
			isa = PBXGroup;
			children = (
				E539DC9A190080F20027661C /* images */,
			);
			path = images;
			sourceTree = "<group>";
		};
		E539DC9A190080F20027661C /* images */ = {
			isa = PBXGroup;
			children = (
				E539DC9B190080F20027661C /* images */,
			);
			path = images;
			sourceTree = "<group>";
		};
		E539DC9B190080F20027661C /* images */ = {
			isa = PBXGroup;
			children = (
				E539DC9C190080F20027661C /* images */,
			);
			path = images;
			sourceTree = "<group>";
		};
		E539DC9C190080F20027661C /* images */ = {
			isa = PBXGroup;
			children = (
				E539DC9D190080F20027661C /* images */,
			);
			path = images;
			sourceTree = "<group>";
		};
		E539DC9D190080F20027661C /* images */ = {
			isa = PBXGroup;
			children = (
				E539DC9E190080F20027661C /* images */,
			);
			path = images;
			sourceTree = "<group>";
		};
		E539DC9E190080F20027661C /* images */ = {
			isa = PBXGroup;
			children = (
				E539DC9F190080F20027661C /* images */,
			);
			path = images;
			sourceTree = "<group>";
		};
		E539DC9F190080F20027661C /* images */ = {
			isa = PBXGroup;
			children = (
				E539DCA0190080F20027661C /* images */,
			);
			path = images;
			sourceTree = "<group>";
		};
		E539DCA0190080F20027661C /* images */ = {
			isa = PBXGroup;
			children = (
				E539DCA1190080F20027661C /* images */,
			);
			path = images;
			sourceTree = "<group>";
		};
		E539DCA1190080F20027661C /* images */ = {
			isa = PBXGroup;
			children = (
				E539DCA2190080F20027661C /* images */,
			);
			path = images;
			sourceTree = "<group>";
		};
		E539DCA2190080F20027661C /* images */ = {
			isa = PBXGroup;
			children = (
				E539DCA3190080F20027661C /* images */,
			);
			path = images;
			sourceTree = "<group>";
		};
		E539DCA3190080F20027661C /* images */ = {
			isa = PBXGroup;
			children = (
				E539DCA4190080F20027661C /* images */,
			);
			path = images;
			sourceTree = "<group>";
		};
		E539DCA4190080F20027661C /* images */ = {
			isa = PBXGroup;
			children = (
				E539DCA5190080F20027661C /* images */,
			);
			path = images;
			sourceTree = "<group>";
		};
		E539DCA5190080F20027661C /* images */ = {
			isa = PBXGroup;
			children = (
				E539DCA6190080F20027661C /* images */,
			);
			path = images;
			sourceTree = "<group>";
		};
		E539DCA6190080F20027661C /* images */ = {
			isa = PBXGroup;
			children = (
				E539DCA7190080F20027661C /* images */,
			);
			path = images;
			sourceTree = "<group>";
		};
		E539DCA7190080F20027661C /* images */ = {
			isa = PBXGroup;
			children = (
				E539DCA8190080F20027661C /* images */,
			);
			path = images;
			sourceTree = "<group>";
		};
		E539DCA8190080F20027661C /* images */ = {
			isa = PBXGroup;
			children = (
				E539DCA9190080F20027661C /* images */,
			);
			path = images;
			sourceTree = "<group>";
		};
		E539DCA9190080F20027661C /* images */ = {
			isa = PBXGroup;
			children = (
				E539DCAA190080F20027661C /* images */,
			);
			path = images;
			sourceTree = "<group>";
		};
		E539DCAA190080F20027661C /* images */ = {
			isa = PBXGroup;
			children = (
				E539DCAB190080F20027661C /* images */,
			);
			path = images;
			sourceTree = "<group>";
		};
		E539DCAB190080F20027661C /* images */ = {
			isa = PBXGroup;
			children = (
				E539DCAC190080F20027661C /* images */,
			);
			path = images;
			sourceTree = "<group>";
		};
		E539DCAC190080F20027661C /* images */ = {
			isa = PBXGroup;
			children = (
				E539DCAD190080F20027661C /* images */,
			);
			path = images;
			sourceTree = "<group>";
		};
		E539DCAD190080F20027661C /* images */ = {
			isa = PBXGroup;
			children = (
				E539DCAE190080F20027661C /* images */,
			);
			path = images;
			sourceTree = "<group>";
		};
		E539DCAE190080F20027661C /* images */ = {
			isa = PBXGroup;
			children = (
				E539DCAF190080F20027661C /* images */,
			);
			path = images;
			sourceTree = "<group>";
		};
		E539DCAF190080F20027661C /* images */ = {
			isa = PBXGroup;
			children = (
				E539DCB0190080F20027661C /* images */,
			);
			path = images;
			sourceTree = "<group>";
		};
		E539DCB0190080F20027661C /* images */ = {
			isa = PBXGroup;
			children = (
				E539DCB1190080F20027661C /* images */,
			);
			path = images;
			sourceTree = "<group>";
		};
		E539DCB1190080F20027661C /* images */ = {
			isa = PBXGroup;
			children = (
				E539DCB2190080F20027661C /* images */,
			);
			path = images;
			sourceTree = "<group>";
		};
		E539DCB2190080F20027661C /* images */ = {
			isa = PBXGroup;
			children = (
				E539DCB3190080F20027661C /* images */,
			);
			path = images;
			sourceTree = "<group>";
		};
		E539DCB3190080F20027661C /* images */ = {
			isa = PBXGroup;
			children = (
				E539DCB4190080F20027661C /* images */,
			);
			path = images;
			sourceTree = "<group>";
		};
		E539DCB4190080F20027661C /* images */ = {
			isa = PBXGroup;
			children = (
				E539DCB5190080F20027661C /* images */,
			);
			path = images;
			sourceTree = "<group>";
		};
		E539DCB5190080F20027661C /* images */ = {
			isa = PBXGroup;
			children = (
				E539DCB6190080F20027661C /* images */,
			);
			path = images;
			sourceTree = "<group>";
		};
		E539DCB6190080F20027661C /* images */ = {
			isa = PBXGroup;
			children = (
				E539DCB7190080F20027661C /* images */,
			);
			path = images;
			sourceTree = "<group>";
		};
		E539DCB7190080F20027661C /* images */ = {
			isa = PBXGroup;
			children = (
				E539DCB8190080F20027661C /* images */,
			);
			path = images;
			sourceTree = "<group>";
		};
		E539DCB8190080F20027661C /* images */ = {
			isa = PBXGroup;
			children = (
				E539DCB9190080F20027661C /* images */,
			);
			path = images;
			sourceTree = "<group>";
		};
		E539DCB9190080F20027661C /* images */ = {
			isa = PBXGroup;
			children = (
				E539DCBA190080F20027661C /* images */,
			);
			path = images;
			sourceTree = "<group>";
		};
		E539DCBA190080F20027661C /* images */ = {
			isa = PBXGroup;
			children = (
				E539DCBB190080F20027661C /* images */,
			);
			path = images;
			sourceTree = "<group>";
		};
		E539DCBB190080F20027661C /* images */ = {
			isa = PBXGroup;
			children = (
				E539DCBC190080F20027661C /* images */,
			);
			path = images;
			sourceTree = "<group>";
		};
		E539DCBC190080F20027661C /* images */ = {
			isa = PBXGroup;
			children = (
				E539DCBD190080F20027661C /* images */,
			);
			path = images;
			sourceTree = "<group>";
		};
		E539DCBD190080F20027661C /* images */ = {
			isa = PBXGroup;
			children = (
				E539DCBE190080F20027661C /* images */,
			);
			path = images;
			sourceTree = "<group>";
		};
		E539DCBE190080F20027661C /* images */ = {
			isa = PBXGroup;
			children = (
				E539DCBF190080F20027661C /* images */,
			);
			path = images;
			sourceTree = "<group>";
		};
		E539DCBF190080F20027661C /* images */ = {
			isa = PBXGroup;
			children = (
				E539DCC0190080F20027661C /* images */,
			);
			path = images;
			sourceTree = "<group>";
		};
		E539DCC0190080F20027661C /* images */ = {
			isa = PBXGroup;
			children = (
				E539DCC1190080F20027661C /* images */,
			);
			path = images;
			sourceTree = "<group>";
		};
		E539DCC1190080F20027661C /* images */ = {
			isa = PBXGroup;
			children = (
				E539DCC2190080F20027661C /* images */,
			);
			path = images;
			sourceTree = "<group>";
		};
		E539DCC2190080F20027661C /* images */ = {
			isa = PBXGroup;
			children = (
				E539DCC3190080F20027661C /* images */,
			);
			path = images;
			sourceTree = "<group>";
		};
		E539DCC3190080F20027661C /* images */ = {
			isa = PBXGroup;
			children = (
				E539DCC4190080F20027661C /* images */,
			);
			path = images;
			sourceTree = "<group>";
		};
		E539DCC4190080F20027661C /* images */ = {
			isa = PBXGroup;
			children = (
				E539DCC5190080F20027661C /* images */,
			);
			path = images;
			sourceTree = "<group>";
		};
		E539DCC5190080F20027661C /* images */ = {
			isa = PBXGroup;
			children = (
				E539DCC6190080F20027661C /* images */,
			);
			path = images;
			sourceTree = "<group>";
		};
		E539DCC6190080F20027661C /* images */ = {
			isa = PBXGroup;
			children = (
				E539DCC7190080F20027661C /* images */,
			);
			path = images;
			sourceTree = "<group>";
		};
		E539DCC7190080F20027661C /* images */ = {
			isa = PBXGroup;
			children = (
				E539DCC8190080F20027661C /* images */,
			);
			path = images;
			sourceTree = "<group>";
		};
		E539DCC8190080F20027661C /* images */ = {
			isa = PBXGroup;
			children = (
				E539DCC9190080F20027661C /* images */,
			);
			path = images;
			sourceTree = "<group>";
		};
		E539DCC9190080F20027661C /* images */ = {
			isa = PBXGroup;
			children = (
				E539DCCA190080F20027661C /* images */,
			);
			path = images;
			sourceTree = "<group>";
		};
		E539DCCA190080F20027661C /* images */ = {
			isa = PBXGroup;
			children = (
				E539DCCB190080F20027661C /* images */,
			);
			path = images;
			sourceTree = "<group>";
		};
		E539DCCB190080F20027661C /* images */ = {
			isa = PBXGroup;
			children = (
				E539DCCC190080F20027661C /* images */,
			);
			path = images;
			sourceTree = "<group>";
		};
		E539DCCC190080F20027661C /* images */ = {
			isa = PBXGroup;
			children = (
				E539DCCD190080F20027661C /* images */,
			);
			path = images;
			sourceTree = "<group>";
		};
		E539DCCD190080F20027661C /* images */ = {
			isa = PBXGroup;
			children = (
				E539DCCE190080F20027661C /* images */,
			);
			path = images;
			sourceTree = "<group>";
		};
		E539DCCE190080F20027661C /* images */ = {
			isa = PBXGroup;
			children = (
				E539DCCF190080F20027661C /* images */,
			);
			path = images;
			sourceTree = "<group>";
		};
		E539DCCF190080F20027661C /* images */ = {
			isa = PBXGroup;
			children = (
				E539DCD0190080F20027661C /* images */,
			);
			path = images;
			sourceTree = "<group>";
		};
		E539DCD0190080F20027661C /* images */ = {
			isa = PBXGroup;
			children = (
				E539DCD1190080F20027661C /* images */,
			);
			path = images;
			sourceTree = "<group>";
		};
		E539DCD1190080F20027661C /* images */ = {
			isa = PBXGroup;
			children = (
				E539DCD2190080F20027661C /* images */,
			);
			path = images;
			sourceTree = "<group>";
		};
		E539DCD2190080F20027661C /* images */ = {
			isa = PBXGroup;
			children = (
				E539DCD3190080F20027661C /* images */,
			);
			path = images;
			sourceTree = "<group>";
		};
		E539DCD3190080F20027661C /* images */ = {
			isa = PBXGroup;
			children = (
				E539DCD4190080F20027661C /* images */,
			);
			path = images;
			sourceTree = "<group>";
		};
		E539DCD4190080F20027661C /* images */ = {
			isa = PBXGroup;
			children = (
				E539DCD5190080F20027661C /* images */,
			);
			path = images;
			sourceTree = "<group>";
		};
		E539DCD5190080F20027661C /* images */ = {
			isa = PBXGroup;
			children = (
				E539DCD6190080F20027661C /* images */,
			);
			path = images;
			sourceTree = "<group>";
		};
		E539DCD6190080F20027661C /* images */ = {
			isa = PBXGroup;
			children = (
				E539DCD7190080F20027661C /* images */,
			);
			path = images;
			sourceTree = "<group>";
		};
		E539DCD7190080F20027661C /* images */ = {
			isa = PBXGroup;
			children = (
				E539DCD8190080F20027661C /* images */,
			);
			path = images;
			sourceTree = "<group>";
		};
		E539DCD8190080F20027661C /* images */ = {
			isa = PBXGroup;
			children = (
				E539DCD9190080F20027661C /* images */,
			);
			path = images;
			sourceTree = "<group>";
		};
		E539DCD9190080F20027661C /* images */ = {
			isa = PBXGroup;
			children = (
				E539DCDA190080F20027661C /* images */,
			);
			path = images;
			sourceTree = "<group>";
		};
		E539DCDA190080F20027661C /* images */ = {
			isa = PBXGroup;
			children = (
				E539DCDB190080F20027661C /* images */,
			);
			path = images;
			sourceTree = "<group>";
		};
		E539DCDB190080F20027661C /* images */ = {
			isa = PBXGroup;
			children = (
				E539DCDC190080F20027661C /* images */,
			);
			path = images;
			sourceTree = "<group>";
		};
		E539DCDC190080F20027661C /* images */ = {
			isa = PBXGroup;
			children = (
				E539DCDD190080F20027661C /* images */,
			);
			path = images;
			sourceTree = "<group>";
		};
		E539DCDD190080F20027661C /* images */ = {
			isa = PBXGroup;
			children = (
				E539DCDE190080F20027661C /* images */,
			);
			path = images;
			sourceTree = "<group>";
		};
		E539DCDE190080F20027661C /* images */ = {
			isa = PBXGroup;
			children = (
				E539DCDF190080F20027661C /* images */,
			);
			path = images;
			sourceTree = "<group>";
		};
		E539DCDF190080F20027661C /* images */ = {
			isa = PBXGroup;
			children = (
				E539DCE0190080F20027661C /* images */,
			);
			path = images;
			sourceTree = "<group>";
		};
		E539DCE0190080F20027661C /* images */ = {
			isa = PBXGroup;
			children = (
				E539DCE1190080F20027661C /* images */,
			);
			path = images;
			sourceTree = "<group>";
		};
		E539DCE1190080F20027661C /* images */ = {
			isa = PBXGroup;
			children = (
				E539DCE2190080F20027661C /* images */,
			);
			path = images;
			sourceTree = "<group>";
		};
		E539DCE2190080F20027661C /* images */ = {
			isa = PBXGroup;
			children = (
				E539DCE3190080F20027661C /* images */,
			);
			path = images;
			sourceTree = "<group>";
		};
		E539DCE3190080F20027661C /* images */ = {
			isa = PBXGroup;
			children = (
				E539DCE4190080F20027661C /* images */,
			);
			path = images;
			sourceTree = "<group>";
		};
		E539DCE4190080F20027661C /* images */ = {
			isa = PBXGroup;
			children = (
				E539DCE5190080F20027661C /* images */,
			);
			path = images;
			sourceTree = "<group>";
		};
		E539DCE5190080F20027661C /* images */ = {
			isa = PBXGroup;
			children = (
				E539DCE6190080F20027661C /* images */,
			);
			path = images;
			sourceTree = "<group>";
		};
		E539DCE6190080F20027661C /* images */ = {
			isa = PBXGroup;
			children = (
				E539DCE7190080F20027661C /* images */,
			);
			path = images;
			sourceTree = "<group>";
		};
		E539DCE7190080F20027661C /* images */ = {
			isa = PBXGroup;
			children = (
				E539DCE8190080F20027661C /* images */,
			);
			path = images;
			sourceTree = "<group>";
		};
		E539DCE8190080F20027661C /* images */ = {
			isa = PBXGroup;
			children = (
				E539DCE9190080F20027661C /* images */,
			);
			path = images;
			sourceTree = "<group>";
		};
		E539DCE9190080F20027661C /* images */ = {
			isa = PBXGroup;
			children = (
				E539DCEA190080F20027661C /* images */,
			);
			path = images;
			sourceTree = "<group>";
		};
		E539DCEA190080F20027661C /* images */ = {
			isa = PBXGroup;
			children = (
				E539DCEB190080F20027661C /* images */,
			);
			path = images;
			sourceTree = "<group>";
		};
		E539DCEB190080F20027661C /* images */ = {
			isa = PBXGroup;
			children = (
				E539DCEC190080F20027661C /* images */,
			);
			path = images;
			sourceTree = "<group>";
		};
		E539DCEC190080F20027661C /* images */ = {
			isa = PBXGroup;
			children = (
				E539DCED190080F20027661C /* images */,
			);
			path = images;
			sourceTree = "<group>";
		};
		E539DCED190080F20027661C /* images */ = {
			isa = PBXGroup;
			children = (
				E539DCEE190080F20027661C /* images */,
			);
			path = images;
			sourceTree = "<group>";
		};
		E539DCEE190080F20027661C /* images */ = {
			isa = PBXGroup;
			children = (
				E539DCEF190080F20027661C /* images */,
			);
			path = images;
			sourceTree = "<group>";
		};
		E539DCEF190080F20027661C /* images */ = {
			isa = PBXGroup;
			children = (
				E539DCF0190080F20027661C /* images */,
			);
			path = images;
			sourceTree = "<group>";
		};
		E539DCF0190080F20027661C /* images */ = {
			isa = PBXGroup;
			children = (
				E539DCF1190080F20027661C /* images */,
			);
			path = images;
			sourceTree = "<group>";
		};
		E539DCF1190080F20027661C /* images */ = {
			isa = PBXGroup;
			children = (
				E539DCF2190080F20027661C /* images */,
			);
			path = images;
			sourceTree = "<group>";
		};
		E539DCF2190080F20027661C /* images */ = {
			isa = PBXGroup;
			children = (
			);
			path = images;
			sourceTree = "<group>";
		};
		E54C0893190023C60084E687 /* Categories */ = {
			isa = PBXGroup;
			children = (
				E566699D19002110006CD7F0 /* UIColor+customColors.m */,
				E566699C19002110006CD7F0 /* UIColor+customColors.h */,
				E54C0890190023A10084E687 /* CALayer+circleLayer.h */,
				E54C0891190023A10084E687 /* CALayer+circleLayer.m */,
			);
			name = Categories;
			sourceTree = "<group>";
		};
		E5994CE518FDE85100A5B79F = {
			isa = PBXGroup;
			children = (
				E539DC67190080F20027661C /* images */,
				E5994CF718FDE85100A5B79F /* ThatMovieWith */,
				E5994D1018FDE85100A5B79F /* ThatMovieWithTests */,
				E5994CF018FDE85100A5B79F /* Frameworks */,
				E5994CEF18FDE85100A5B79F /* Products */,
				BB3A0F378FCD476DA5B74C48 /* Pods.xcconfig */,
			);
			sourceTree = "<group>";
		};
		E5994CEF18FDE85100A5B79F /* Products */ = {
			isa = PBXGroup;
			children = (
				E5994CEE18FDE85100A5B79F /* ThatMovieWith.app */,
				E5994D0918FDE85100A5B79F /* ThatMovieWithTests.xctest */,
			);
			name = Products;
			sourceTree = "<group>";
		};
		E5994CF018FDE85100A5B79F /* Frameworks */ = {
			isa = PBXGroup;
			children = (
				E55FF55F18FF9DEE00E2EA43 /* QuartzCore.framework */,
				E5994CF118FDE85100A5B79F /* Foundation.framework */,
				E5994CF318FDE85100A5B79F /* CoreGraphics.framework */,
				E5994CF518FDE85100A5B79F /* UIKit.framework */,
				E5994D0A18FDE85100A5B79F /* XCTest.framework */,
				7B616B934567416C996DB201 /* libPods.a */,
			);
			name = Frameworks;
			sourceTree = "<group>";
		};
		E5994CF718FDE85100A5B79F /* ThatMovieWith */ = {
			isa = PBXGroup;
			children = (
				E5019CD218FE662800BE79DC /* api */,
				E5994D2D18FDF21C00A5B79F /* TMWViewController.h */,
				E5994D2E18FDF21C00A5B79F /* TMWViewController.m */,
				E55FF55C18FF521700E2EA43 /* TMWCustomCellTableViewCell.h */,
				E55FF55D18FF521700E2EA43 /* TMWCustomCellTableViewCell.m */,
				E54C0893190023C60084E687 /* Categories */,
				E5994D3418FE531600A5B79F /* TMWActors.h */,
				E5994D3518FE531600A5B79F /* TMWActors.m */,
				E566699919001625006CD7F0 /* TMWCustomAnimations.h */,
				E566699A19001625006CD7F0 /* TMWCustomAnimations.m */,
				E5994D2F18FDF21C00A5B79F /* TMWViewController.xib */,
				E5994D0018FDE85100A5B79F /* TMWAppDelegate.h */,
				E5994D0118FDE85100A5B79F /* TMWAppDelegate.m */,
				E5994D0318FDE85100A5B79F /* Images.xcassets */,
				E5994CF818FDE85100A5B79F /* Supporting Files */,
			);
			path = ThatMovieWith;
			sourceTree = "<group>";
		};
		E5994CF818FDE85100A5B79F /* Supporting Files */ = {
			isa = PBXGroup;
			children = (
				E5994CF918FDE85100A5B79F /* ThatMovieWith-Info.plist */,
				E5994CFA18FDE85100A5B79F /* InfoPlist.strings */,
				E5994CFD18FDE85100A5B79F /* main.m */,
				E5994CFF18FDE85100A5B79F /* ThatMovieWith-Prefix.pch */,
			);
			name = "Supporting Files";
			sourceTree = "<group>";
		};
		E5994D1018FDE85100A5B79F /* ThatMovieWithTests */ = {
			isa = PBXGroup;
			children = (
				E5994D1618FDE85100A5B79F /* ThatMovieWithTests.m */,
				E5994D1118FDE85100A5B79F /* Supporting Files */,
			);
			path = ThatMovieWithTests;
			sourceTree = "<group>";
		};
		E5994D1118FDE85100A5B79F /* Supporting Files */ = {
			isa = PBXGroup;
			children = (
				E5994D1218FDE85100A5B79F /* ThatMovieWithTests-Info.plist */,
				E5994D1318FDE85100A5B79F /* InfoPlist.strings */,
			);
			name = "Supporting Files";
			sourceTree = "<group>";
		};
/* End PBXGroup section */

/* Begin PBXNativeTarget section */
		E5994CED18FDE85100A5B79F /* ThatMovieWith */ = {
			isa = PBXNativeTarget;
			buildConfigurationList = E5994D1A18FDE85100A5B79F /* Build configuration list for PBXNativeTarget "ThatMovieWith" */;
			buildPhases = (
				C9484701D6704128879C0FD4 /* Check Pods Manifest.lock */,
				E5994CEA18FDE85100A5B79F /* Sources */,
				E5994CEB18FDE85100A5B79F /* Frameworks */,
				E5994CEC18FDE85100A5B79F /* Resources */,
				B01580C361564DAC8F3622B4 /* Copy Pods Resources */,
				E539DCF71900CAA60027661C /* ShellScript */,
			);
			buildRules = (
			);
			dependencies = (
			);
			name = ThatMovieWith;
			productName = ThatMovieWith;
			productReference = E5994CEE18FDE85100A5B79F /* ThatMovieWith.app */;
			productType = "com.apple.product-type.application";
		};
		E5994D0818FDE85100A5B79F /* ThatMovieWithTests */ = {
			isa = PBXNativeTarget;
			buildConfigurationList = E5994D1D18FDE85100A5B79F /* Build configuration list for PBXNativeTarget "ThatMovieWithTests" */;
			buildPhases = (
				E5994D0518FDE85100A5B79F /* Sources */,
				E5994D0618FDE85100A5B79F /* Frameworks */,
				E5994D0718FDE85100A5B79F /* Resources */,
			);
			buildRules = (
			);
			dependencies = (
				E5994D0F18FDE85100A5B79F /* PBXTargetDependency */,
			);
			name = ThatMovieWithTests;
			productName = ThatMovieWithTests;
			productReference = E5994D0918FDE85100A5B79F /* ThatMovieWithTests.xctest */;
			productType = "com.apple.product-type.bundle.unit-test";
		};
/* End PBXNativeTarget section */

/* Begin PBXProject section */
		E5994CE618FDE85100A5B79F /* Project object */ = {
			isa = PBXProject;
			attributes = {
				CLASSPREFIX = TMW;
				LastUpgradeCheck = 0510;
				ORGANIZATIONNAME = "Jay Hickey";
				TargetAttributes = {
					E5994D0818FDE85100A5B79F = {
						TestTargetID = E5994CED18FDE85100A5B79F;
					};
				};
			};
			buildConfigurationList = E5994CE918FDE85100A5B79F /* Build configuration list for PBXProject "ThatMovieWith" */;
			compatibilityVersion = "Xcode 3.2";
			developmentRegion = English;
			hasScannedForEncodings = 0;
			knownRegions = (
				en,
			);
			mainGroup = E5994CE518FDE85100A5B79F;
			productRefGroup = E5994CEF18FDE85100A5B79F /* Products */;
			projectDirPath = "";
			projectRoot = "";
			targets = (
				E5994CED18FDE85100A5B79F /* ThatMovieWith */,
				E5994D0818FDE85100A5B79F /* ThatMovieWithTests */,
			);
		};
/* End PBXProject section */

/* Begin PBXResourcesBuildPhase section */
		E5994CEC18FDE85100A5B79F /* Resources */ = {
			isa = PBXResourcesBuildPhase;
			buildActionMask = 2147483647;
			files = (
				E539DCF5190080F20027661C /* Placeholder.png in Resources */,
				E5019CDD18FE693400BE79DC /* themoviedb in Resources */,
				E539DCF6190080F20027661C /* Placeholder@2x.png in Resources */,
				E5994CFC18FDE85100A5B79F /* InfoPlist.strings in Resources */,
				E5994D3118FDF21C00A5B79F /* TMWViewController.xib in Resources */,
				E5994D0418FDE85100A5B79F /* Images.xcassets in Resources */,
			);
			runOnlyForDeploymentPostprocessing = 0;
		};
		E5994D0718FDE85100A5B79F /* Resources */ = {
			isa = PBXResourcesBuildPhase;
			buildActionMask = 2147483647;
			files = (
				E5994D1518FDE85100A5B79F /* InfoPlist.strings in Resources */,
			);
			runOnlyForDeploymentPostprocessing = 0;
		};
/* End PBXResourcesBuildPhase section */

/* Begin PBXShellScriptBuildPhase section */
		B01580C361564DAC8F3622B4 /* Copy Pods Resources */ = {
			isa = PBXShellScriptBuildPhase;
			buildActionMask = 2147483647;
			files = (
			);
			inputPaths = (
			);
			name = "Copy Pods Resources";
			outputPaths = (
			);
			runOnlyForDeploymentPostprocessing = 0;
			shellPath = /bin/sh;
			shellScript = "\"${SRCROOT}/Pods/Pods-resources.sh\"\n";
			showEnvVarsInLog = 0;
		};
		C9484701D6704128879C0FD4 /* Check Pods Manifest.lock */ = {
			isa = PBXShellScriptBuildPhase;
			buildActionMask = 2147483647;
			files = (
			);
			inputPaths = (
			);
			name = "Check Pods Manifest.lock";
			outputPaths = (
			);
			runOnlyForDeploymentPostprocessing = 0;
			shellPath = /bin/sh;
			shellScript = "diff \"${PODS_ROOT}/../Podfile.lock\" \"${PODS_ROOT}/Manifest.lock\" > /dev/null\nif [[ $? != 0 ]] ; then\n    cat << EOM\nerror: The sandbox is not in sync with the Podfile.lock. Run 'pod install' or update your CocoaPods installation.\nEOM\n    exit 1\nfi\n";
			showEnvVarsInLog = 0;
		};
		E539DCF71900CAA60027661C /* ShellScript */ = {
			isa = PBXShellScriptBuildPhase;
			buildActionMask = 2147483647;
			files = (
			);
			inputPaths = (
			);
			outputPaths = (
			);
			runOnlyForDeploymentPostprocessing = 0;
			shellPath = /bin/sh;
			shellScript = "FILE=\"${SRCROOT}/HockeySDK-iOS/BuildAgent\"\nif [ -f \"$FILE\" ]; then\n\"$FILE\"\nfi";
		};
/* End PBXShellScriptBuildPhase section */

/* Begin PBXSourcesBuildPhase section */
		E5994CEA18FDE85100A5B79F /* Sources */ = {
			isa = PBXSourcesBuildPhase;
			buildActionMask = 2147483647;
			files = (
				E5994CFE18FDE85100A5B79F /* main.m in Sources */,
				E5994D3018FDF21C00A5B79F /* TMWViewController.m in Sources */,
				E5994D3618FE531600A5B79F /* TMWActors.m in Sources */,
				E54C0892190023A10084E687 /* CALayer+circleLayer.m in Sources */,
				E566699B19001625006CD7F0 /* TMWCustomAnimations.m in Sources */,
				E5994D0218FDE85100A5B79F /* TMWAppDelegate.m in Sources */,
				E566699E19002110006CD7F0 /* UIColor+customColors.m in Sources */,
				E55FF55E18FF521700E2EA43 /* TMWCustomCellTableViewCell.m in Sources */,
			);
			runOnlyForDeploymentPostprocessing = 0;
		};
		E5994D0518FDE85100A5B79F /* Sources */ = {
			isa = PBXSourcesBuildPhase;
			buildActionMask = 2147483647;
			files = (
				E5994D1718FDE85100A5B79F /* ThatMovieWithTests.m in Sources */,
			);
			runOnlyForDeploymentPostprocessing = 0;
		};
/* End PBXSourcesBuildPhase section */

/* Begin PBXTargetDependency section */
		E5994D0F18FDE85100A5B79F /* PBXTargetDependency */ = {
			isa = PBXTargetDependency;
			target = E5994CED18FDE85100A5B79F /* ThatMovieWith */;
			targetProxy = E5994D0E18FDE85100A5B79F /* PBXContainerItemProxy */;
		};
/* End PBXTargetDependency section */

/* Begin PBXVariantGroup section */
		E5994CFA18FDE85100A5B79F /* InfoPlist.strings */ = {
			isa = PBXVariantGroup;
			children = (
				E5994CFB18FDE85100A5B79F /* en */,
			);
			name = InfoPlist.strings;
			sourceTree = "<group>";
		};
		E5994D1318FDE85100A5B79F /* InfoPlist.strings */ = {
			isa = PBXVariantGroup;
			children = (
				E5994D1418FDE85100A5B79F /* en */,
			);
			name = InfoPlist.strings;
			sourceTree = "<group>";
		};
/* End PBXVariantGroup section */

/* Begin XCBuildConfiguration section */
		E5994D1818FDE85100A5B79F /* Debug */ = {
			isa = XCBuildConfiguration;
			buildSettings = {
				ALWAYS_SEARCH_USER_PATHS = NO;
				CLANG_CXX_LANGUAGE_STANDARD = "gnu++0x";
				CLANG_CXX_LIBRARY = "libc++";
				CLANG_ENABLE_MODULES = YES;
				CLANG_ENABLE_OBJC_ARC = YES;
				CLANG_WARN_BOOL_CONVERSION = YES;
				CLANG_WARN_CONSTANT_CONVERSION = YES;
				CLANG_WARN_DIRECT_OBJC_ISA_USAGE = YES_ERROR;
				CLANG_WARN_EMPTY_BODY = YES;
				CLANG_WARN_ENUM_CONVERSION = YES;
				CLANG_WARN_INT_CONVERSION = YES;
				CLANG_WARN_OBJC_ROOT_CLASS = YES_ERROR;
				CLANG_WARN__DUPLICATE_METHOD_MATCH = YES;
				"CODE_SIGN_IDENTITY[sdk=iphoneos*]" = "iPhone Developer";
				COPY_PHASE_STRIP = NO;
				GCC_C_LANGUAGE_STANDARD = gnu99;
				GCC_DYNAMIC_NO_PIC = NO;
				GCC_OPTIMIZATION_LEVEL = 0;
				GCC_PREPROCESSOR_DEFINITIONS = (
					"DEBUG=1",
					"$(inherited)",
				);
				GCC_SYMBOLS_PRIVATE_EXTERN = NO;
				GCC_WARN_64_TO_32_BIT_CONVERSION = YES;
				GCC_WARN_ABOUT_RETURN_TYPE = YES_ERROR;
				GCC_WARN_UNDECLARED_SELECTOR = YES;
				GCC_WARN_UNINITIALIZED_AUTOS = YES_AGGRESSIVE;
				GCC_WARN_UNUSED_FUNCTION = YES;
				GCC_WARN_UNUSED_VARIABLE = YES;
				IPHONEOS_DEPLOYMENT_TARGET = 7.1;
				ONLY_ACTIVE_ARCH = YES;
				SDKROOT = iphoneos;
			};
			name = Debug;
		};
		E5994D1918FDE85100A5B79F /* Release */ = {
			isa = XCBuildConfiguration;
			buildSettings = {
				ALWAYS_SEARCH_USER_PATHS = NO;
				CLANG_CXX_LANGUAGE_STANDARD = "gnu++0x";
				CLANG_CXX_LIBRARY = "libc++";
				CLANG_ENABLE_MODULES = YES;
				CLANG_ENABLE_OBJC_ARC = YES;
				CLANG_WARN_BOOL_CONVERSION = YES;
				CLANG_WARN_CONSTANT_CONVERSION = YES;
				CLANG_WARN_DIRECT_OBJC_ISA_USAGE = YES_ERROR;
				CLANG_WARN_EMPTY_BODY = YES;
				CLANG_WARN_ENUM_CONVERSION = YES;
				CLANG_WARN_INT_CONVERSION = YES;
				CLANG_WARN_OBJC_ROOT_CLASS = YES_ERROR;
				CLANG_WARN__DUPLICATE_METHOD_MATCH = YES;
				"CODE_SIGN_IDENTITY[sdk=iphoneos*]" = "iPhone Developer";
				COPY_PHASE_STRIP = YES;
				ENABLE_NS_ASSERTIONS = NO;
				GCC_C_LANGUAGE_STANDARD = gnu99;
				GCC_WARN_64_TO_32_BIT_CONVERSION = YES;
				GCC_WARN_ABOUT_RETURN_TYPE = YES_ERROR;
				GCC_WARN_UNDECLARED_SELECTOR = YES;
				GCC_WARN_UNINITIALIZED_AUTOS = YES_AGGRESSIVE;
				GCC_WARN_UNUSED_FUNCTION = YES;
				GCC_WARN_UNUSED_VARIABLE = YES;
				IPHONEOS_DEPLOYMENT_TARGET = 7.1;
				SDKROOT = iphoneos;
				VALIDATE_PRODUCT = YES;
			};
			name = Release;
		};
		E5994D1B18FDE85100A5B79F /* Debug */ = {
			isa = XCBuildConfiguration;
			baseConfigurationReference = BB3A0F378FCD476DA5B74C48 /* Pods.xcconfig */;
			buildSettings = {
				ASSETCATALOG_COMPILER_APPICON_NAME = AppIcon;
				ASSETCATALOG_COMPILER_LAUNCHIMAGE_NAME = LaunchImage;
				GCC_PRECOMPILE_PREFIX_HEADER = YES;
				GCC_PREFIX_HEADER = "ThatMovieWith/ThatMovieWith-Prefix.pch";
				INFOPLIST_FILE = "ThatMovieWith/ThatMovieWith-Info.plist";
				PRODUCT_NAME = "$(TARGET_NAME)";
				WRAPPER_EXTENSION = app;
			};
			name = Debug;
		};
		E5994D1C18FDE85100A5B79F /* Release */ = {
			isa = XCBuildConfiguration;
			baseConfigurationReference = BB3A0F378FCD476DA5B74C48 /* Pods.xcconfig */;
			buildSettings = {
				ASSETCATALOG_COMPILER_APPICON_NAME = AppIcon;
				ASSETCATALOG_COMPILER_LAUNCHIMAGE_NAME = LaunchImage;
				GCC_PRECOMPILE_PREFIX_HEADER = YES;
				GCC_PREFIX_HEADER = "ThatMovieWith/ThatMovieWith-Prefix.pch";
				INFOPLIST_FILE = "ThatMovieWith/ThatMovieWith-Info.plist";
				PRODUCT_NAME = "$(TARGET_NAME)";
				WRAPPER_EXTENSION = app;
			};
			name = Release;
		};
		E5994D1E18FDE85100A5B79F /* Debug */ = {
			isa = XCBuildConfiguration;
			buildSettings = {
				BUNDLE_LOADER = "$(BUILT_PRODUCTS_DIR)/ThatMovieWith.app/ThatMovieWith";
				FRAMEWORK_SEARCH_PATHS = (
					"$(SDKROOT)/Developer/Library/Frameworks",
					"$(inherited)",
					"$(DEVELOPER_FRAMEWORKS_DIR)",
				);
				GCC_PRECOMPILE_PREFIX_HEADER = YES;
				GCC_PREFIX_HEADER = "ThatMovieWith/ThatMovieWith-Prefix.pch";
				GCC_PREPROCESSOR_DEFINITIONS = (
					"DEBUG=1",
					"$(inherited)",
				);
				INFOPLIST_FILE = "ThatMovieWithTests/ThatMovieWithTests-Info.plist";
				PRODUCT_NAME = "$(TARGET_NAME)";
				TEST_HOST = "$(BUNDLE_LOADER)";
				WRAPPER_EXTENSION = xctest;
			};
			name = Debug;
		};
		E5994D1F18FDE85100A5B79F /* Release */ = {
			isa = XCBuildConfiguration;
			buildSettings = {
				BUNDLE_LOADER = "$(BUILT_PRODUCTS_DIR)/ThatMovieWith.app/ThatMovieWith";
				FRAMEWORK_SEARCH_PATHS = (
					"$(SDKROOT)/Developer/Library/Frameworks",
					"$(inherited)",
					"$(DEVELOPER_FRAMEWORKS_DIR)",
				);
				GCC_PRECOMPILE_PREFIX_HEADER = YES;
				GCC_PREFIX_HEADER = "ThatMovieWith/ThatMovieWith-Prefix.pch";
				INFOPLIST_FILE = "ThatMovieWithTests/ThatMovieWithTests-Info.plist";
				PRODUCT_NAME = "$(TARGET_NAME)";
				TEST_HOST = "$(BUNDLE_LOADER)";
				WRAPPER_EXTENSION = xctest;
			};
			name = Release;
		};
/* End XCBuildConfiguration section */

/* Begin XCConfigurationList section */
		E5994CE918FDE85100A5B79F /* Build configuration list for PBXProject "ThatMovieWith" */ = {
			isa = XCConfigurationList;
			buildConfigurations = (
				E5994D1818FDE85100A5B79F /* Debug */,
				E5994D1918FDE85100A5B79F /* Release */,
			);
			defaultConfigurationIsVisible = 0;
			defaultConfigurationName = Release;
		};
		E5994D1A18FDE85100A5B79F /* Build configuration list for PBXNativeTarget "ThatMovieWith" */ = {
			isa = XCConfigurationList;
			buildConfigurations = (
				E5994D1B18FDE85100A5B79F /* Debug */,
				E5994D1C18FDE85100A5B79F /* Release */,
			);
			defaultConfigurationIsVisible = 0;
			defaultConfigurationName = Release;
		};
		E5994D1D18FDE85100A5B79F /* Build configuration list for PBXNativeTarget "ThatMovieWithTests" */ = {
			isa = XCConfigurationList;
			buildConfigurations = (
				E5994D1E18FDE85100A5B79F /* Debug */,
				E5994D1F18FDE85100A5B79F /* Release */,
			);
			defaultConfigurationIsVisible = 0;
			defaultConfigurationName = Release;
		};
/* End XCConfigurationList section */
	};
	rootObject = E5994CE618FDE85100A5B79F /* Project object */;
}
